sdk: ^2.0.0-alpha.49
prefixes:
  ds18b20: toit-ds18b20
packages:
  toit-1-wire:
    url: github.com/toitware/toit-1-wire
    version: 2.1.1
    hash: 54b96442d359b86bd5b8888ad07b9c9d38b82884
  toit-ds18b20:
    url: github.com/toitware/toit-ds18b20
    version: 2.0.0
    hash: ff7e98673b8979278571020aa2beca563c108480
    prefixes:
      one_wire: toit-1-wire
