sdk: ^2.0.0-alpha.144
prefixes:
  cellular: cellular
  certificate_roots: toit-cert-roots
  http: pkg-http
packages:
  cellular:
    url: github.com/toitware/cellular
    name: cellular
    version: 2.2.0
    hash: 2f50148ed01e28ab2c3de09182b09f67ffcde776
  pkg-http:
    url: github.com/toitlang/pkg-http
    name: http
    version: 2.7.1
    hash: 54a5bb458d9fc9305e839b878e6de3b456f5c4a6
  toit-cert-roots:
    url: github.com/toitware/toit-cert-roots
    name: certificate_roots
    version: 1.6.1
    hash: 55d3be82ed53d8d332338b2de931865cf69fe48b
