sdk: ^2.0.0-alpha.150
prefixes:
  certificate-roots: toit-cert-roots
  supabase: toit-supabase
packages:
  pkg-host:
    url: github.com/toitlang/pkg-host
    name: host
    version: 1.15.3
    hash: 62393e8522b77eafbafe60b9817935266117daf6
  pkg-http:
    url: github.com/toitlang/pkg-http
    name: http
    version: 2.8.0
    hash: 81754d64fe466cd00cc494ec515da8749bf04975
  toit-cert-roots:
    url: github.com/toitware/toit-cert-roots
    name: certificate-roots
    version: 1.8.0
    hash: 369a0b36e813e37d6248990de59964020644ab50
  toit-supabase:
    url: github.com/toitware/toit-supabase
    name: supabase
    version: 0.3.1
    hash: bcf10850b0fae0592bb0af6563fb994cececb8f9
    prefixes:
      host: pkg-host
      http: pkg-http
