sdk: ^2.0.0-alpha.79
prefixes:
  certificate_roots: toit-cert-roots
  supabase: toit-supabase
packages:
  pkg-host:
    url: github.com/toitlang/pkg-host
    version: 1.9.0
    hash: 76e4dc5328a5c3739e97f65ed196d05058071359
  pkg-http:
    url: github.com/toitlang/pkg-http
    version: 2.3.0
    hash: 05ce2065a75813138d2c4ca1bab03e7a6f0541a2
  toit-cert-roots:
    url: github.com/toitware/toit-cert-roots
    version: 1.5.0
    hash: 27a9f9ff3d337b6128e98e220126e3cc275bcd73
  toit-supabase:
    url: github.com/toitware/toit-supabase
    version: 0.1.0
    hash: 460be4b6dd3af6fadecd4d0b2029afdb672035d5
    prefixes:
      host: pkg-host
      http: pkg-http
