sdk: ^2.0.0-alpha.91
prefixes:
  certificate_roots: toit-cert-roots
  mqtt: mqtt
packages:
  mqtt:
    url: github.com/toitware/mqtt
    name: mqtt
    version: 2.6.0
    hash: 8e09fb35c393e442305ee4578e5546c5c80735be
  toit-cert-roots:
    url: github.com/toitware/toit-cert-roots
    name: certificate_roots
    version: 1.6.1
    hash: 55d3be82ed53d8d332338b2de931865cf69fe48b
