sdk: ^2.0.0-alpha.144
prefixes:
  certificate_roots: toit-cert-roots
  mqtt: mqtt
packages:
  mqtt:
    url: github.com/toitware/mqtt
    name: mqtt
    version: 2.9.0
    hash: ab5cda567a9b35e09ec0773ec08f4cb0ee90873d
  toit-cert-roots:
    url: github.com/toitware/toit-cert-roots
    name: certificate_roots
    version: 1.6.1
    hash: 55d3be82ed53d8d332338b2de931865cf69fe48b
