sdk: ^2.0.0-alpha.144
prefixes:
  certificate_roots: toit-cert-roots
  mqtt: mqtt
packages:
  mqtt:
    url: github.com/toitware/mqtt
    name: mqtt
    version: 2.8.1
    hash: 79c44885b4544257e1e2c94c9d1fb4c53e69fbbd
  toit-cert-roots:
    url: github.com/toitware/toit-cert-roots
    name: certificate_roots
    version: 1.6.1
    hash: 55d3be82ed53d8d332338b2de931865cf69fe48b
