sdk: ^2.0.0-alpha.170
prefixes:
  certificate_roots: github.com/toitware/toit-cert-roots-1
  mqtt: github.com/toitware/mqtt-2
packages:
  github.com/toitware/mqtt-2:
    hash: ac50d868a578c45003956da66075be5158a78c7a
    url: github.com/toitware/mqtt
    version: 2.13.1
  github.com/toitware/toit-cert-roots-1:
    hash: c117dbba4757d7c69e91af7a875ab6989f051a33
    url: github.com/toitware/toit-cert-roots
    version: 1.11.0
