sdk: ^2.0.0-alpha.196
prefixes:
  hc_sr04: github.com/lask/toit-hc-sr04-2
packages:
  github.com/lask/toit-hc-sr04-2:
    hash: 9a6eb8a69b1dd27351d2ee4994366b584c6d1535
    prefixes:
      sensors: github.com/toitware/toit-sensors-1
    url: github.com/lask/toit-hc-sr04
    version: 2.3.0
  github.com/toitware/toit-sensors-1:
    hash: f9f5662a0f21016259ff6907419e54d00223714a
    url: github.com/toitware/toit-sensors
    version: 1.0.0
