sdk: ^2.0.0-alpha.196
prefixes:
  bme280: github.com/toitware/bme280-driver-1
  cellular: github.com/toitware/cellular-2
  certificate_roots: github.com/toitware/toit-cert-roots-1
  cli: github.com/toitlang/pkg-cli-2
  dhtxx: github.com/toitware/toit-dhtxx-1
  ds18b20: github.com/toitware/toit-ds18b20-2
  font_x11_adobe: github.com/toitlang/pkg-font-x11-adobe-0
  hc_sr04: github.com/lask/toit-hc-sr04-2
  host: github.com/toitlang/pkg-host-1
  http: github.com/toitlang/pkg-http-2
  morse: github.com/toitware/toit-morse-1
  mqtt: github.com/toitware/mqtt-2
  ntp: github.com/toitlang/pkg-ntp-1
  one_wire: github.com/toitware/toit-1-wire-2
  pictogrammers_icons: github.com/toitware/toit-icons-pictogrammers-1
  pixel_display: github.com/toitware/toit-pixel-display-2
  pixel_strip: github.com/toitware/toit-pixel-strip-1
  qubitro: github.com/kasperl/toit-qubitro-0
  ssd1306: github.com/toitware/toit-ssd1306-2
  supabase: github.com/toitware/toit-supabase-0
  telegram: github.com/floitsch/toit-telegram-0
  watchdog: github.com/toitware/toit-watchdog-1
packages:
  github.com/floitsch/toit-telegram-0:
    hash: 438903d35f6eae1faa7573f5f51b4fa5db3b7dff
    prefixes:
      certificate_roots: github.com/toitware/toit-cert-roots-1
      http: github.com/toitlang/pkg-http-2
    url: github.com/floitsch/toit-telegram
    version: 0.5.3
  github.com/kasperl/toit-qubitro-0:
    hash: fb720f5ac40d91e0ae8714f07e8a81c4bf00a3fb
    prefixes:
      artemis: github.com/toitware/toit-artemis-0
      certificate_roots: github.com/toitware/toit-cert-roots-1
      mqtt: github.com/toitware/mqtt-2
    url: github.com/kasperl/toit-qubitro
    version: 0.4.1
  github.com/lask/toit-hc-sr04-2:
    hash: 9a6eb8a69b1dd27351d2ee4994366b584c6d1535
    prefixes:
      sensors: github.com/toitware/toit-sensors-1
    url: github.com/lask/toit-hc-sr04
    version: 2.3.0
  github.com/toitlang/pkg-cli-2:
    hash: 8f58b041d55440916a2527899df505f6c6259b20
    prefixes:
      desktop: github.com/toitlang/pkg-desktop-1
      fs: github.com/toitlang/pkg-fs-2
      host: github.com/toitlang/pkg-host-1
      lockfile: github.com/toitware/toit-lockfile-1
    url: github.com/toitlang/pkg-cli
    version: 2.17.0
  github.com/toitlang/pkg-desktop-1:
    hash: d6ad1d5c25e16d0c2910a132acba426251b5d87f
    prefixes:
      host: github.com/toitlang/pkg-host-1
    url: github.com/toitlang/pkg-desktop
    version: 1.1.0
  github.com/toitlang/pkg-font-x11-adobe-0:
    hash: f844400722165252148f087cdf189abab0a47f3d
    url: github.com/toitlang/pkg-font-x11-adobe
    version: 0.1.0
  github.com/toitlang/pkg-fs-2:
    hash: 60836d4500317af2093d59d50c117d612c33f1fa
    prefixes:
      host: github.com/toitlang/pkg-host-1
    url: github.com/toitlang/pkg-fs
    version: 2.3.1
  github.com/toitlang/pkg-host-1:
    hash: d7a30b86c73cf8d9cd5dd0211031c76b68706738
    url: github.com/toitlang/pkg-host
    version: 1.19.0
  github.com/toitlang/pkg-http-2:
    hash: b68f3f4a3c26bfdff2beca4fb5ac7bc182f20270
    url: github.com/toitlang/pkg-http
    version: 2.12.0
  github.com/toitlang/pkg-ntp-1:
    hash: e69bb1abc0d3d4aa7642eec3360e52744e4d011d
    url: github.com/toitlang/pkg-ntp
    version: 1.1.0
  github.com/toitware/bme280-driver-1:
    hash: ca9c6451532139d506299fba8c0915cd3001982e
    prefixes:
      sensors: github.com/toitware/toit-sensors-1
    url: github.com/toitware/bme280-driver
    version: 1.2.0
  github.com/toitware/cellular-2:
    hash: b8a154f734883c38d53be69ec48a3460981a83b4
    url: github.com/toitware/cellular
    version: 2.8.0
  github.com/toitware/mqtt-2:
    hash: ac50d868a578c45003956da66075be5158a78c7a
    url: github.com/toitware/mqtt
    version: 2.13.1
  github.com/toitware/toit-1-wire-2:
    hash: 86fd681d33aa819ed4a23b1aae0a3baafe68e641
    url: github.com/toitware/toit-1-wire
    version: 2.6.0
  github.com/toitware/toit-artemis-0:
    hash: c65898c512ec79173b523add1c8d13ec203b6e7e
    url: github.com/toitware/toit-artemis
    version: 0.8.3
  github.com/toitware/toit-cert-roots-1:
    hash: c117dbba4757d7c69e91af7a875ab6989f051a33
    url: github.com/toitware/toit-cert-roots
    version: 1.11.0
  github.com/toitware/toit-dhtxx-1:
    hash: e698231a28d781efac10c3dc30b63d8f1a16cba8
    prefixes:
      sensors: github.com/toitware/toit-sensors-1
    url: github.com/toitware/toit-dhtxx
    version: 1.11.0
  github.com/toitware/toit-ds18b20-2:
    hash: 8d3e0dfe0b78c6a365cd58b2f8ca96af65cb0d75
    prefixes:
      one_wire: github.com/toitware/toit-1-wire-2
      sensors: github.com/toitware/toit-sensors-1
    url: github.com/toitware/toit-ds18b20
    version: 2.2.0
  github.com/toitware/toit-icons-pictogrammers-1:
    hash: 5ac660cc480d5da1fec72e1b24d425ce978419b7
    url: github.com/toitware/toit-icons-pictogrammers
    version: 1.0.0
  github.com/toitware/toit-lockfile-1:
    hash: 47ddd8c13811e6cc368d6fef8f383b855f9d0ada
    prefixes:
      fs: github.com/toitlang/pkg-fs-2
      host: github.com/toitlang/pkg-host-1
    url: github.com/toitware/toit-lockfile
    version: 1.0.0
  github.com/toitware/toit-morse-1:
    hash: f9f6ba3a04984db16887d7a1051ada8ad30d7db2
    url: github.com/toitware/toit-morse
    version: 1.0.6
  github.com/toitware/toit-pixel-display-2:
    hash: 59a4be9f0e6aa2321c6a032da44776f59af364b5
    prefixes:
      png-tools: github.com/toitware/toit-png-tools-1
    url: github.com/toitware/toit-pixel-display
    version: 2.11.0
  github.com/toitware/toit-pixel-strip-1:
    hash: e7b0942f6cdc8f5575a3d7e78b74fef1544117c5
    url: github.com/toitware/toit-pixel-strip
    version: 1.4.0
  github.com/toitware/toit-png-tools-1:
    hash: ee472ac9d4333a138206f9d3a817d3c5432d6f87
    url: github.com/toitware/toit-png-tools
    version: 1.0.0
  github.com/toitware/toit-sensors-1:
    hash: f9f5662a0f21016259ff6907419e54d00223714a
    url: github.com/toitware/toit-sensors
    version: 1.0.0
  github.com/toitware/toit-ssd1306-2:
    hash: 444a71ef89a06674c7df5d24754663ec9aeae267
    prefixes:
      pixel_display: github.com/toitware/toit-pixel-display-2
    url: github.com/toitware/toit-ssd1306
    version: 2.1.0
  github.com/toitware/toit-supabase-0:
    hash: bcf10850b0fae0592bb0af6563fb994cececb8f9
    prefixes:
      host: github.com/toitlang/pkg-host-1
      http: github.com/toitlang/pkg-http-2
    url: github.com/toitware/toit-supabase
    version: 0.3.1
  github.com/toitware/toit-watchdog-1:
    hash: 2621b25fca45f4f91c0b951f3658f3c18821edc4
    url: github.com/toitware/toit-watchdog
    version: 1.4.1
