sdk: ^2.0.0-alpha.144
prefixes:
  telegram: toit-telegram
packages:
  pkg-http:
    url: github.com/toitlang/pkg-http
    name: http
    version: 2.7.1
    hash: 54a5bb458d9fc9305e839b878e6de3b456f5c4a6
  toit-cert-roots:
    url: github.com/toitware/toit-cert-roots
    name: certificate_roots
    version: 1.6.1
    hash: 55d3be82ed53d8d332338b2de931865cf69fe48b
  toit-telegram:
    url: github.com/floitsch/toit-telegram
    name: telegram
    version: 0.5.3
    hash: 438903d35f6eae1faa7573f5f51b4fa5db3b7dff
    prefixes:
      certificate_roots: toit-cert-roots
      http: pkg-http
